
Microsoft Visual Studio Solution File, Format Version 12.00
# Visual Studio Version 16
VisualStudioVersion = 16.0.31729.503
MinimumVisualStudioVersion = 10.0.40219.1
Project("{FAE04EC0-301F-11D3-BF4B-00C04F79EFBC}") = "TimeZonePicker", "TimeZonePicker\TimeZonePicker.csproj", "{26C8C872-F67A-414C-9DA8-CA1946E95D36}"
EndProject
Global
	GlobalSection(SolutionConfigurationPlatforms) = preSolution
		Debug|Any CPU = Debug|Any CPU
		Release|Any CPU = Release|Any CPU
	EndGlobalSection
	GlobalSection(ProjectConfigurationPlatforms) = postSolution
		{26C8C872-F67A-414C-9DA8-CA1946E95D36}.Debug|Any CPU.ActiveCfg = Debug|Any CPU
		{26C8C872-F67A-414C-9DA8-CA1946E95D36}.Debug|Any CPU.Build.0 = Debug|Any CPU
		{26C8C872-F67A-414C-9DA8-CA1946E95D36}.Release|Any CPU.ActiveCfg = Release|Any CPU
		{26C8C872-F67A-414C-9DA8-CA1946E95D36}.Release|Any CPU.Build.0 = Release|Any CPU
	EndGlobalSection
	GlobalSection(SolutionProperties) = preSolution
		HideSolutionNode = FALSE
	EndGlobalSection
	GlobalSection(ExtensibilityGlobals) = postSolution
		SolutionGuid = {6E22C848-86F5-4704-9465-26E191368769}
	EndGlobalSection
EndGlobal
